{
  "name": "site",
  "lockfileVersion": 3,
  "requires": true,
  "packages": {
    "": {
      "dependencies": {
        "@cognipilot/rumoca": "0.9.11",
        "monaco-editor": "0.49.0"
      }
    },
    "node_modules/@cognipilot/rumoca": {
      "version": "0.9.11",
      "resolved": "https://registry.npmjs.org/@cognipilot/rumoca/-/rumoca-0.9.11.tgz",
      "integrity": "sha512-wBe/lGwlCE3jcHoLbfKG4P6ql0VB/TRJ3zJY7AC5Ml/arDPePKnq6LbRDm1JjRy+cTz5FoVJM3KCTc5pk92ItA==",
      "license": "Apache-2.0"
    },
    "node_modules/monaco-editor": {
      "version": "0.49.0",
      "resolved": "https://registry.npmjs.org/monaco-editor/-/monaco-editor-0.49.0.tgz",
      "integrity": "sha512-2I8/T3X/hLxB2oPHgqcNYUVdA/ZEFShT7IAujifIPMfKkNbLOqY8XCoyHCXrsdjb36dW9MwoTwBCFpXKMwNwaQ==",
      "license": "MIT"
    }
  }
}
